
Microsoft Visual Studio Solution File, Format Version 12.00
# Visual Studio Version 16
VisualStudioVersion = 16.0.30114.105
MinimumVisualStudioVersion = 10.0.40219.1
Project("{FAE04EC0-301F-11D3-BF4B-00C04F79EFBC}") = "MVCDemo", "MVCDemo\MVCDemo.csproj", "{F6BF4353-31BB-4DDE-AC28-035A410F7106}"
EndProject
Project("{FAE04EC0-301F-11D3-BF4B-00C04F79EFBC}") = "MVCDemo2", "MVCDemo2\MVCDemo2.csproj", "{8518D025-C8D4-484E-9B68-A8704D781FF5}"
EndProject
Global
	GlobalSection(SolutionConfigurationPlatforms) = preSolution
		Debug|Any CPU = Debug|Any CPU
		Release|Any CPU = Release|Any CPU
	EndGlobalSection
	GlobalSection(ProjectConfigurationPlatforms) = postSolution
		{F6BF4353-31BB-4DDE-AC28-035A410F7106}.Debug|Any CPU.ActiveCfg = Debug|Any CPU
		{F6BF4353-31BB-4DDE-AC28-035A410F7106}.Debug|Any CPU.Build.0 = Debug|Any CPU
		{F6BF4353-31BB-4DDE-AC28-035A410F7106}.Release|Any CPU.ActiveCfg = Release|Any CPU
		{F6BF4353-31BB-4DDE-AC28-035A410F7106}.Release|Any CPU.Build.0 = Release|Any CPU
		{8518D025-C8D4-484E-9B68-A8704D781FF5}.Debug|Any CPU.ActiveCfg = Debug|Any CPU
		{8518D025-C8D4-484E-9B68-A8704D781FF5}.Debug|Any CPU.Build.0 = Debug|Any CPU
		{8518D025-C8D4-484E-9B68-A8704D781FF5}.Release|Any CPU.ActiveCfg = Release|Any CPU
		{8518D025-C8D4-484E-9B68-A8704D781FF5}.Release|Any CPU.Build.0 = Release|Any CPU
	EndGlobalSection
	GlobalSection(SolutionProperties) = preSolution
		HideSolutionNode = FALSE
	EndGlobalSection
	GlobalSection(ExtensibilityGlobals) = postSolution
		SolutionGuid = {FD26231F-525B-42DC-B01C-E83A023ACD92}
	EndGlobalSection
EndGlobal
